// !$*UTF8*$!
{
	archiveVersion = 1;
	classes = {
	};
	objectVersion = 46;
	objects = {

/* Begin PBXBuildFile section */
		8449E8741DB3E249008AB013 /* main.m in Sources */ = {isa = PBXBuildFile; fileRef = 8449E8731DB3E249008AB013 /* main.m */; };
		8449E8771DB3E249008AB013 /* AppDelegate.m in Sources */ = {isa = PBXBuildFile; fileRef = 8449E8761DB3E249008AB013 /* AppDelegate.m */; };
		8449E87A1DB3E249008AB013 /* ViewController.m in Sources */ = {isa = PBXBuildFile; fileRef = 8449E8791DB3E249008AB013 /* ViewController.m */; };
		8449E87F1DB3E249008AB013 /* Assets.xcassets in Resources */ = {isa = PBXBuildFile; fileRef = 8449E87E1DB3E249008AB013 /* Assets.xcassets */; };
		8449E8821DB3E249008AB013 /* LaunchScreen.storyboard in Resources */ = {isa = PBXBuildFile; fileRef = 8449E8801DB3E249008AB013 /* LaunchScreen.storyboard */; };
		8449E88D1DB3E263008AB013 /* TableSearchViewController.m in Sources */ = {isa = PBXBuildFile; fileRef = 8449E88B1DB3E263008AB013 /* TableSearchViewController.m */; };
		8449E88E1DB3E263008AB013 /* TableSearchViewController.xib in Resources */ = {isa = PBXBuildFile; fileRef = 8449E88C1DB3E263008AB013 /* TableSearchViewController.xib */; };
		8449E8901DB3E27B008AB013 /* ViewController.xib in Resources */ = {isa = PBXBuildFile; fileRef = 8449E88F1DB3E27B008AB013 /* ViewController.xib */; };
/* End PBXBuildFile section */

/* Begin PBXFileReference section */
		8449E86F1DB3E249008AB013 /* TestProject.app */ = {isa = PBXFileReference; explicitFileType = wrapper.application; includeInIndex = 0; path = TestProject.app; sourceTree = BUILT_PRODUCTS_DIR; };
		8449E8731DB3E249008AB013 /* main.m */ = {isa = PBXFileReference; lastKnownFileType = sourcecode.c.objc; path = main.m; sourceTree = "<group>"; };
		8449E8751DB3E249008AB013 /* AppDelegate.h */ = {isa = PBXFileReference; lastKnownFileType = sourcecode.c.h; path = AppDelegate.h; sourceTree = "<group>"; };
		8449E8761DB3E249008AB013 /* AppDelegate.m */ = {isa = PBXFileReference; lastKnownFileType = sourcecode.c.objc; path = AppDelegate.m; sourceTree = "<group>"; };
		8449E8781DB3E249008AB013 /* ViewController.h */ = {isa = PBXFileReference; lastKnownFileType = sourcecode.c.h; path = ViewController.h; sourceTree = "<group>"; };
		8449E8791DB3E249008AB013 /* ViewController.m */ = {isa = PBXFileReference; lastKnownFileType = sourcecode.c.objc; path = ViewController.m; sourceTree = "<group>"; };
		8449E87E1DB3E249008AB013 /* Assets.xcassets */ = {isa = PBXFileReference; lastKnownFileType = folder.assetcatalog; path = Assets.xcassets; sourceTree = "<group>"; };
		8449E8811DB3E249008AB013 /* Base */ = {isa = PBXFileReference; lastKnownFileType = file.storyboard; name = Base; path = Base.lproj/LaunchScreen.storyboard; sourceTree = "<group>"; };
		8449E8831DB3E249008AB013 /* Info.plist */ = {isa = PBXFileReference; lastKnownFileType = text.plist.xml; path = Info.plist; sourceTree = "<group>"; };
		8449E88A1DB3E263008AB013 /* TableSearchViewController.h */ = {isa = PBXFileReference; fileEncoding = 4; lastKnownFileType = sourcecode.c.h; lineEnding = 0; path = TableSearchViewController.h; sourceTree = "<group>"; xcLanguageSpecificationIdentifier = xcode.lang.objcpp; };
		8449E88B1DB3E263008AB013 /* TableSearchViewController.m */ = {isa = PBXFileReference; fileEncoding = 4; lastKnownFileType = sourcecode.c.objc; lineEnding = 0; path = TableSearchViewController.m; sourceTree = "<group>"; xcLanguageSpecificationIdentifier = xcode.lang.objc; };
		8449E88C1DB3E263008AB013 /* TableSearchViewController.xib */ = {isa = PBXFileReference; fileEncoding = 4; lastKnownFileType = file.xib; path = TableSearchViewController.xib; sourceTree = "<group>"; };
		8449E88F1DB3E27B008AB013 /* ViewController.xib */ = {isa = PBXFileReference; fileEncoding = 4; lastKnownFileType = file.xib; path = ViewController.xib; sourceTree = "<group>"; };
/* End PBXFileReference section */

/* Begin PBXFrameworksBuildPhase section */
		8449E86C1DB3E249008AB013 /* Frameworks */ = {
			isa = PBXFrameworksBuildPhase;
			buildActionMask = 2147483647;
			files = (
			);
			runOnlyForDeploymentPostprocessing = 0;
		};
/* End PBXFrameworksBuildPhase section */

/* Begin PBXGroup section */
		8449E8661DB3E249008AB013 = {
			isa = PBXGroup;
			children = (
				8449E8711DB3E249008AB013 /* TestProject */,
				8449E8701DB3E249008AB013 /* Products */,
			);
			sourceTree = "<group>";
		};
		8449E8701DB3E249008AB013 /* Products */ = {
			isa = PBXGroup;
			children = (
				8449E86F1DB3E249008AB013 /* TestProject.app */,
			);
			name = Products;
			sourceTree = "<group>";
		};
		8449E8711DB3E249008AB013 /* TestProject */ = {
			isa = PBXGroup;
			children = (
				8449E8891DB3E263008AB013 /* TableSearchViewController */,
				8449E8751DB3E249008AB013 /* AppDelegate.h */,
				8449E8761DB3E249008AB013 /* AppDelegate.m */,
				8449E8781DB3E249008AB013 /* ViewController.h */,
				8449E8791DB3E249008AB013 /* ViewController.m */,
				8449E88F1DB3E27B008AB013 /* ViewController.xib */,
				8449E87E1DB3E249008AB013 /* Assets.xcassets */,
				8449E8801DB3E249008AB013 /* LaunchScreen.storyboard */,
				8449E8831DB3E249008AB013 /* Info.plist */,
				8449E8721DB3E249008AB013 /* Supporting Files */,
			);
			path = TestProject;
			sourceTree = "<group>";
		};
		8449E8721DB3E249008AB013 /* Supporting Files */ = {
			isa = PBXGroup;
			children = (
				8449E8731DB3E249008AB013 /* main.m */,
			);
			name = "Supporting Files";
			sourceTree = "<group>";
		};
		8449E8891DB3E263008AB013 /* TableSearchViewController */ = {
			isa = PBXGroup;
			children = (
				8449E88A1DB3E263008AB013 /* TableSearchViewController.h */,
				8449E88B1DB3E263008AB013 /* TableSearchViewController.m */,
				8449E88C1DB3E263008AB013 /* TableSearchViewController.xib */,
			);
			path = TableSearchViewController;
			sourceTree = SOURCE_ROOT;
		};
/* End PBXGroup section */

/* Begin PBXNativeTarget section */
		8449E86E1DB3E249008AB013 /* TestProject */ = {
			isa = PBXNativeTarget;
			buildConfigurationList = 8449E8861DB3E249008AB013 /* Build configuration list for PBXNativeTarget "TestProject" */;
			buildPhases = (
				8449E86B1DB3E249008AB013 /* Sources */,
				8449E86C1DB3E249008AB013 /* Frameworks */,
				8449E86D1DB3E249008AB013 /* Resources */,
			);
			buildRules = (
			);
			dependencies = (
			);
			name = TestProject;
			productName = TestProject;
			productReference = 8449E86F1DB3E249008AB013 /* TestProject.app */;
			productType = "com.apple.product-type.application";
		};
/* End PBXNativeTarget section */

/* Begin PBXProject section */
		8449E8671DB3E249008AB013 /* Project object */ = {
			isa = PBXProject;
			attributes = {
				LastUpgradeCheck = 0730;
				ORGANIZATIONNAME = "Nirav Bhatt";
				TargetAttributes = {
					8449E86E1DB3E249008AB013 = {
						CreatedOnToolsVersion = 7.3.1;
					};
				};
			};
			buildConfigurationList = 8449E86A1DB3E249008AB013 /* Build configuration list for PBXProject "TestProject" */;
			compatibilityVersion = "Xcode 3.2";
			developmentRegion = English;
			hasScannedForEncodings = 0;
			knownRegions = (
				en,
				Base,
			);
			mainGroup = 8449E8661DB3E249008AB013;
			productRefGroup = 8449E8701DB3E249008AB013 /* Products */;
			projectDirPath = "";
			projectRoot = "";
			targets = (
				8449E86E1DB3E249008AB013 /* TestProject */,
			);
		};
/* End PBXProject section */

/* Begin PBXResourcesBuildPhase section */
		8449E86D1DB3E249008AB013 /* Resources */ = {
			isa = PBXResourcesBuildPhase;
			buildActionMask = 2147483647;
			files = (
				8449E8901DB3E27B008AB013 /* ViewController.xib in Resources */,
				8449E8821DB3E249008AB013 /* LaunchScreen.storyboard in Resources */,
				8449E87F1DB3E249008AB013 /* Assets.xcassets in Resources */,
				8449E88E1DB3E263008AB013 /* TableSearchViewController.xib in Resources */,
			);
			runOnlyForDeploymentPostprocessing = 0;
		};
/* End PBXResourcesBuildPhase section */

/* Begin PBXSourcesBuildPhase section */
		8449E86B1DB3E249008AB013 /* Sources */ = {
			isa = PBXSourcesBuildPhase;
			buildActionMask = 2147483647;
			files = (
				8449E87A1DB3E249008AB013 /* ViewController.m in Sources */,
				8449E8771DB3E249008AB013 /* AppDelegate.m in Sources */,
				8449E8741DB3E249008AB013 /* main.m in Sources */,
				8449E88D1DB3E263008AB013 /* TableSearchViewController.m in Sources */,
			);
			runOnlyForDeploymentPostprocessing = 0;
		};
/* End PBXSourcesBuildPhase section */

/* Begin PBXVariantGroup section */
		8449E8801DB3E249008AB013 /* LaunchScreen.storyboard */ = {
			isa = PBXVariantGroup;
			children = (
				8449E8811DB3E249008AB013 /* Base */,
			);
			name = LaunchScreen.storyboard;
			sourceTree = "<group>";
		};
/* End PBXVariantGroup section */

/* Begin XCBuildConfiguration section */
		8449E8841DB3E249008AB013 /* Debug */ = {
			isa = XCBuildConfiguration;
			buildSettings = {
				ALWAYS_SEARCH_USER_PATHS = NO;
				CLANG_ANALYZER_NONNULL = YES;
				CLANG_CXX_LANGUAGE_STANDARD = "gnu++0x";
				CLANG_CXX_LIBRARY = "libc++";
				CLANG_ENABLE_MODULES = YES;
				CLANG_ENABLE_OBJC_ARC = YES;
				CLANG_WARN_BOOL_CONVERSION = YES;
				CLANG_WARN_CONSTANT_CONVERSION = YES;
				CLANG_WARN_DIRECT_OBJC_ISA_USAGE = YES_ERROR;
				CLANG_WARN_EMPTY_BODY = YES;
				CLANG_WARN_ENUM_CONVERSION = YES;
				CLANG_WARN_INT_CONVERSION = YES;
				CLANG_WARN_OBJC_ROOT_CLASS = YES_ERROR;
				CLANG_WARN_UNREACHABLE_CODE = YES;
				CLANG_WARN__DUPLICATE_METHOD_MATCH = YES;
				"CODE_SIGN_IDENTITY[sdk=iphoneos*]" = "iPhone Developer";
				COPY_PHASE_STRIP = NO;
				DEBUG_INFORMATION_FORMAT = dwarf;
				ENABLE_STRICT_OBJC_MSGSEND = YES;
				ENABLE_TESTABILITY = YES;
				GCC_C_LANGUAGE_STANDARD = gnu99;
				GCC_DYNAMIC_NO_PIC = NO;
				GCC_NO_COMMON_BLOCKS = YES;
				GCC_OPTIMIZATION_LEVEL = 0;
				GCC_PREPROCESSOR_DEFINITIONS = (
					"DEBUG=1",
					"$(inherited)",
				);
				GCC_WARN_64_TO_32_BIT_CONVERSION = YES;
				GCC_WARN_ABOUT_RETURN_TYPE = YES_ERROR;
				GCC_WARN_UNDECLARED_SELECTOR = YES;
				GCC_WARN_UNINITIALIZED_AUTOS = YES_AGGRESSIVE;
				GCC_WARN_UNUSED_FUNCTION = YES;
				GCC_WARN_UNUSED_VARIABLE = YES;
				IPHONEOS_DEPLOYMENT_TARGET = 9.3;
				MTL_ENABLE_DEBUG_INFO = YES;
				ONLY_ACTIVE_ARCH = YES;
				SDKROOT = iphoneos;
				TARGETED_DEVICE_FAMILY = "1,2";
			};
			name = Debug;
		};
		8449E8851DB3E249008AB013 /* Release */ = {
			isa = XCBuildConfiguration;
			buildSettings = {
				ALWAYS_SEARCH_USER_PATHS = NO;
				CLANG_ANALYZER_NONNULL = YES;
				CLANG_CXX_LANGUAGE_STANDARD = "gnu++0x";
				CLANG_CXX_LIBRARY = "libc++";
				CLANG_ENABLE_MODULES = YES;
				CLANG_ENABLE_OBJC_ARC = YES;
				CLANG_WARN_BOOL_CONVERSION = YES;
				CLANG_WARN_CONSTANT_CONVERSION = YES;
				CLANG_WARN_DIRECT_OBJC_ISA_USAGE = YES_ERROR;
				CLANG_WARN_EMPTY_BODY = YES;
				CLANG_WARN_ENUM_CONVERSION = YES;
				CLANG_WARN_INT_CONVERSION = YES;
				CLANG_WARN_OBJC_ROOT_CLASS = YES_ERROR;
				CLANG_WARN_UNREACHABLE_CODE = YES;
				CLANG_WARN__DUPLICATE_METHOD_MATCH = YES;
				"CODE_SIGN_IDENTITY[sdk=iphoneos*]" = "iPhone Developer";
				COPY_PHASE_STRIP = NO;
				DEBUG_INFORMATION_FORMAT = "dwarf-with-dsym";
				ENABLE_NS_ASSERTIONS = NO;
				ENABLE_STRICT_OBJC_MSGSEND = YES;
				GCC_C_LANGUAGE_STANDARD = gnu99;
				GCC_NO_COMMON_BLOCKS = YES;
				GCC_WARN_64_TO_32_BIT_CONVERSION = YES;
				GCC_WARN_ABOUT_RETURN_TYPE = YES_ERROR;
				GCC_WARN_UNDECLARED_SELECTOR = YES;
				GCC_WARN_UNINITIALIZED_AUTOS = YES_AGGRESSIVE;
				GCC_WARN_UNUSED_FUNCTION = YES;
				GCC_WARN_UNUSED_VARIABLE = YES;
				IPHONEOS_DEPLOYMENT_TARGET = 9.3;
				MTL_ENABLE_DEBUG_INFO = NO;
				SDKROOT = iphoneos;
				TARGETED_DEVICE_FAMILY = "1,2";
				VALIDATE_PRODUCT = YES;
			};
			name = Release;
		};
		8449E8871DB3E249008AB013 /* Debug */ = {
			isa = XCBuildConfiguration;
			buildSettings = {
				ASSETCATALOG_COMPILER_APPICON_NAME = AppIcon;
				INFOPLIST_FILE = TestProject/Info.plist;
				LD_RUNPATH_SEARCH_PATHS = "$(inherited) @executable_path/Frameworks";
				PRODUCT_BUNDLE_IDENTIFIER = com.NiravBhatt.TestProject;
				PRODUCT_NAME = "$(TARGET_NAME)";
			};
			name = Debug;
		};
		8449E8881DB3E249008AB013 /* Release */ = {
			isa = XCBuildConfiguration;
			buildSettings = {
				ASSETCATALOG_COMPILER_APPICON_NAME = AppIcon;
				INFOPLIST_FILE = TestProject/Info.plist;
				LD_RUNPATH_SEARCH_PATHS = "$(inherited) @executable_path/Frameworks";
				PRODUCT_BUNDLE_IDENTIFIER = com.NiravBhatt.TestProject;
				PRODUCT_NAME = "$(TARGET_NAME)";
			};
			name = Release;
		};
/* End XCBuildConfiguration section */

/* Begin XCConfigurationList section */
		8449E86A1DB3E249008AB013 /* Build configuration list for PBXProject "TestProject" */ = {
			isa = XCConfigurationList;
			buildConfigurations = (
				8449E8841DB3E249008AB013 /* Debug */,
				8449E8851DB3E249008AB013 /* Release */,
			);
			defaultConfigurationIsVisible = 0;
			defaultConfigurationName = Release;
		};
		8449E8861DB3E249008AB013 /* Build configuration list for PBXNativeTarget "TestProject" */ = {
			isa = XCConfigurationList;
			buildConfigurations = (
				8449E8871DB3E249008AB013 /* Debug */,
				8449E8881DB3E249008AB013 /* Release */,
			);
			defaultConfigurationIsVisible = 0;
		};
/* End XCConfigurationList section */
	};
	rootObject = 8449E8671DB3E249008AB013 /* Project object */;
}
